
Microsoft Visual Studio Solution File, Format Version 12.00
# Visual Studio Version 16
VisualStudioVersion = 16.0.32929.386
MinimumVisualStudioVersion = 10.0.40219.1
Project("{FAE04EC0-301F-11D3-BF4B-00C04F79EFBC}") = "PhoneNumberChecker", "PhoneNumberChecker\PhoneNumberChecker.csproj", "{27613F03-0CE8-428D-A947-6A539DD5BAA9}"
EndProject
Global
	GlobalSection(SolutionConfigurationPlatforms) = preSolution
		Debug|Any CPU = Debug|Any CPU
		Release|Any CPU = Release|Any CPU
	EndGlobalSection
	GlobalSection(ProjectConfigurationPlatforms) = postSolution
		{27613F03-0CE8-428D-A947-6A539DD5BAA9}.Debug|Any CPU.ActiveCfg = Debug|Any CPU
		{27613F03-0CE8-428D-A947-6A539DD5BAA9}.Debug|Any CPU.Build.0 = Debug|Any CPU
		{27613F03-0CE8-428D-A947-6A539DD5BAA9}.Release|Any CPU.ActiveCfg = Release|Any CPU
		{27613F03-0CE8-428D-A947-6A539DD5BAA9}.Release|Any CPU.Build.0 = Release|Any CPU
	EndGlobalSection
	GlobalSection(SolutionProperties) = preSolution
		HideSolutionNode = FALSE
	EndGlobalSection
	GlobalSection(ExtensibilityGlobals) = postSolution
		SolutionGuid = {10373F60-9E08-43FB-9D02-4CA37FC40851}
	EndGlobalSection
EndGlobal
